
Microsoft Visual Studio Solution File, Format Version 12.00
# Visual Studio Version 16
VisualStudioVersion = 16.0.29806.167
MinimumVisualStudioVersion = 10.0.40219.1
Project("{FAE04EC0-301F-11D3-BF4B-00C04F79EFBC}") = "WebApplication1", "WebApplication1\WebApplication1.csproj", "{D1B7B4B3-521F-4C0B-8DDD-E572BA179953}"
EndProject
Project("{FAE04EC0-301F-11D3-BF4B-00C04F79EFBC}") = "DataAccessLayer", "DataAccessLayer\DataAccessLayer.csproj", "{9FC1ED81-EC90-45D7-BE50-CB5F06500A1B}"
EndProject
Project("{FAE04EC0-301F-11D3-BF4B-00C04F79EFBC}") = "Entidad", "Entidad\Entidad.csproj", "{7BB7A697-FDD5-4CFD-841A-6B988D533C79}"
EndProject
Project("{FAE04EC0-301F-11D3-BF4B-00C04F79EFBC}") = "WebAPIService", "WebAPIService\WebAPIService.csproj", "{BBFE20AB-F4D0-4E03-B8FF-D9A33C71D21E}"
EndProject
Global
	GlobalSection(SolutionConfigurationPlatforms) = preSolution
		Debug|Any CPU = Debug|Any CPU
		Release|Any CPU = Release|Any CPU
	EndGlobalSection
	GlobalSection(ProjectConfigurationPlatforms) = postSolution
		{D1B7B4B3-521F-4C0B-8DDD-E572BA179953}.Debug|Any CPU.ActiveCfg = Debug|Any CPU
		{D1B7B4B3-521F-4C0B-8DDD-E572BA179953}.Debug|Any CPU.Build.0 = Debug|Any CPU
		{D1B7B4B3-521F-4C0B-8DDD-E572BA179953}.Release|Any CPU.ActiveCfg = Release|Any CPU
		{D1B7B4B3-521F-4C0B-8DDD-E572BA179953}.Release|Any CPU.Build.0 = Release|Any CPU
		{9FC1ED81-EC90-45D7-BE50-CB5F06500A1B}.Debug|Any CPU.ActiveCfg = Debug|Any CPU
		{9FC1ED81-EC90-45D7-BE50-CB5F06500A1B}.Debug|Any CPU.Build.0 = Debug|Any CPU
		{9FC1ED81-EC90-45D7-BE50-CB5F06500A1B}.Release|Any CPU.ActiveCfg = Release|Any CPU
		{9FC1ED81-EC90-45D7-BE50-CB5F06500A1B}.Release|Any CPU.Build.0 = Release|Any CPU
		{7BB7A697-FDD5-4CFD-841A-6B988D533C79}.Debug|Any CPU.ActiveCfg = Debug|Any CPU
		{7BB7A697-FDD5-4CFD-841A-6B988D533C79}.Debug|Any CPU.Build.0 = Debug|Any CPU
		{7BB7A697-FDD5-4CFD-841A-6B988D533C79}.Release|Any CPU.ActiveCfg = Release|Any CPU
		{7BB7A697-FDD5-4CFD-841A-6B988D533C79}.Release|Any CPU.Build.0 = Release|Any CPU
		{BBFE20AB-F4D0-4E03-B8FF-D9A33C71D21E}.Debug|Any CPU.ActiveCfg = Debug|Any CPU
		{BBFE20AB-F4D0-4E03-B8FF-D9A33C71D21E}.Debug|Any CPU.Build.0 = Debug|Any CPU
		{BBFE20AB-F4D0-4E03-B8FF-D9A33C71D21E}.Release|Any CPU.ActiveCfg = Release|Any CPU
		{BBFE20AB-F4D0-4E03-B8FF-D9A33C71D21E}.Release|Any CPU.Build.0 = Release|Any CPU
	EndGlobalSection
	GlobalSection(SolutionProperties) = preSolution
		HideSolutionNode = FALSE
	EndGlobalSection
	GlobalSection(ExtensibilityGlobals) = postSolution
		SolutionGuid = {A8D05931-920C-4AA0-B066-58174323C2C2}
	EndGlobalSection
EndGlobal
